Microsoft Visual Studio Solution File, Format Version 12.00
# Visual Studio Version 17
VisualStudioVersion = 17.5.2.0
MinimumVisualStudioVersion = 10.0.40219.1
Project("{FAE04EC0-301F-11D3-BF4B-00C04F79EFBC}") = "WebPractice.Data", "WebPractice.Data.csproj", "{7C628CF9-0278-BA1F-4EC0-4C03B4F580AF}"
EndProject
Global
	GlobalSection(SolutionConfigurationPlatforms) = preSolution
		Debug|Any CPU = Debug|Any CPU
		Release|Any CPU = Release|Any CPU
	EndGlobalSection
	GlobalSection(ProjectConfigurationPlatforms) = postSolution
		{7C628CF9-0278-BA1F-4EC0-4C03B4F580AF}.Debug|Any CPU.ActiveCfg = Debug|Any CPU
		{7C628CF9-0278-BA1F-4EC0-4C03B4F580AF}.Debug|Any CPU.Build.0 = Debug|Any CPU
		{7C628CF9-0278-BA1F-4EC0-4C03B4F580AF}.Release|Any CPU.ActiveCfg = Release|Any CPU
		{7C628CF9-0278-BA1F-4EC0-4C03B4F580AF}.Release|Any CPU.Build.0 = Release|Any CPU
	EndGlobalSection
	GlobalSection(SolutionProperties) = preSolution
		HideSolutionNode = FALSE
	EndGlobalSection
	GlobalSection(ExtensibilityGlobals) = postSolution
		SolutionGuid = {6642EB00-BAF7-4863-8411-2A5C421CB21A}
	EndGlobalSection
EndGlobal
