
Microsoft Visual Studio Solution File, Format Version 12.00
# Visual Studio Version 17
VisualStudioVersion = 17.12.35707.178 d17.12
MinimumVisualStudioVersion = 10.0.40219.1
Project("{FAE04EC0-301F-11D3-BF4B-00C04F79EFBC}") = "WebPractice", "WebPractice.csproj", "{72DB9BA2-8BEB-4A86-ACDA-13B32BCA393D}"
EndProject
Project("{FAE04EC0-301F-11D3-BF4B-00C04F79EFBC}") = "WebPractice.Data", "..\WebPractice.Data\WebPractice.Data.csproj", "{AB6542B7-8F36-4CDD-A930-FF58F0EE6E05}"
EndProject
Project("{FAE04EC0-301F-11D3-BF4B-00C04F79EFBC}") = "WebPractice.Lib", "..\WebPractice.Lib\WebPractice.Lib.csproj", "{651E9273-08D3-4C62-8105-7F22264B9981}"
EndProject
Global
	GlobalSection(SolutionConfigurationPlatforms) = preSolution
		Debug|Any CPU = Debug|Any CPU
		Release|Any CPU = Release|Any CPU
	EndGlobalSection
	GlobalSection(ProjectConfigurationPlatforms) = postSolution
		{72DB9BA2-8BEB-4A86-ACDA-13B32BCA393D}.Debug|Any CPU.ActiveCfg = Debug|Any CPU
		{72DB9BA2-8BEB-4A86-ACDA-13B32BCA393D}.Debug|Any CPU.Build.0 = Debug|Any CPU
		{72DB9BA2-8BEB-4A86-ACDA-13B32BCA393D}.Release|Any CPU.ActiveCfg = Release|Any CPU
		{72DB9BA2-8BEB-4A86-ACDA-13B32BCA393D}.Release|Any CPU.Build.0 = Release|Any CPU
		{AB6542B7-8F36-4CDD-A930-FF58F0EE6E05}.Debug|Any CPU.ActiveCfg = Debug|Any CPU
		{AB6542B7-8F36-4CDD-A930-FF58F0EE6E05}.Debug|Any CPU.Build.0 = Debug|Any CPU
		{AB6542B7-8F36-4CDD-A930-FF58F0EE6E05}.Release|Any CPU.ActiveCfg = Release|Any CPU
		{AB6542B7-8F36-4CDD-A930-FF58F0EE6E05}.Release|Any CPU.Build.0 = Release|Any CPU
		{651E9273-08D3-4C62-8105-7F22264B9981}.Debug|Any CPU.ActiveCfg = Debug|Any CPU
		{651E9273-08D3-4C62-8105-7F22264B9981}.Debug|Any CPU.Build.0 = Debug|Any CPU
		{651E9273-08D3-4C62-8105-7F22264B9981}.Release|Any CPU.ActiveCfg = Release|Any CPU
		{651E9273-08D3-4C62-8105-7F22264B9981}.Release|Any CPU.Build.0 = Release|Any CPU
	EndGlobalSection
	GlobalSection(SolutionProperties) = preSolution
		HideSolutionNode = FALSE
	EndGlobalSection
EndGlobal
